
Microsoft Visual Studio Solution File, Format Version 12.00
# Visual Studio 15
VisualStudioVersion = 15.0.27004.2005
MinimumVisualStudioVersion = 10.0.40219.1
Project("{FAE04EC0-301F-11D3-BF4B-00C04F79EFBC}") = "Lab04", "Lab04\Lab04.csproj", "{AF099F59-B1BF-4B02-BC57-7B4103A43581}"
EndProject
Global
	GlobalSection(SolutionConfigurationPlatforms) = preSolution
		Debug|Any CPU = Debug|Any CPU
		Release|Any CPU = Release|Any CPU
	EndGlobalSection
	GlobalSection(ProjectConfigurationPlatforms) = postSolution
		{AF099F59-B1BF-4B02-BC57-7B4103A43581}.Debug|Any CPU.ActiveCfg = Debug|Any CPU
		{AF099F59-B1BF-4B02-BC57-7B4103A43581}.Debug|Any CPU.Build.0 = Debug|Any CPU
		{AF099F59-B1BF-4B02-BC57-7B4103A43581}.Release|Any CPU.ActiveCfg = Release|Any CPU
		{AF099F59-B1BF-4B02-BC57-7B4103A43581}.Release|Any CPU.Build.0 = Release|Any CPU
	EndGlobalSection
	GlobalSection(SolutionProperties) = preSolution
		HideSolutionNode = FALSE
	EndGlobalSection
	GlobalSection(ExtensibilityGlobals) = postSolution
		SolutionGuid = {CDDAD6A1-2DCF-445A-BFC2-862CEBBADCF7}
	EndGlobalSection
EndGlobal
